
Microsoft Visual Studio Solution File, Format Version 12.00
# Visual Studio 15
VisualStudioVersion = 15.0.28307.902
MinimumVisualStudioVersion = 10.0.40219.1
Project("{FAE04EC0-301F-11D3-BF4B-00C04F79EFBC}") = "SampleJson", "SampleJson\SampleJson.csproj", "{10883BED-3C05-43AA-BC05-53B514F639E0}"
EndProject
Global
	GlobalSection(SolutionConfigurationPlatforms) = preSolution
		Debug|Any CPU = Debug|Any CPU
		Release|Any CPU = Release|Any CPU
	EndGlobalSection
	GlobalSection(ProjectConfigurationPlatforms) = postSolution
		{10883BED-3C05-43AA-BC05-53B514F639E0}.Debug|Any CPU.ActiveCfg = Debug|Any CPU
		{10883BED-3C05-43AA-BC05-53B514F639E0}.Debug|Any CPU.Build.0 = Debug|Any CPU
		{10883BED-3C05-43AA-BC05-53B514F639E0}.Release|Any CPU.ActiveCfg = Release|Any CPU
		{10883BED-3C05-43AA-BC05-53B514F639E0}.Release|Any CPU.Build.0 = Release|Any CPU
	EndGlobalSection
	GlobalSection(SolutionProperties) = preSolution
		HideSolutionNode = FALSE
	EndGlobalSection
	GlobalSection(ExtensibilityGlobals) = postSolution
		SolutionGuid = {4E585DDE-E281-4639-A5AC-FF073326AE74}
	EndGlobalSection
EndGlobal
